{
  "requires": true,
  "lockfileVersion": 1,
  "dependencies": {
    "dotenv": {
      "version": "8.2.0",
      "resolved": "https://registry.npmjs.org/dotenv/-/dotenv-8.2.0.tgz",
      "integrity": "sha512-8sJ78ElpbDJBHNeBzUbUVLsqKdccaa/BXF1uPTw3GrvQTBgrQrtObr2mUrE38vzYd8cEv+m/JBfDLioYcfXoaw=="
    },
    "file-encryptor": {
      "version": "0.1.1",
      "resolved": "https://registry.npmjs.org/file-encryptor/-/file-encryptor-0.1.1.tgz",
      "integrity": "sha1-UGpauhU8wQmUPDj9RFUGqEVXuf4="
    }
  }
}
